
Microsoft Visual Studio Solution File, Format Version 12.00
# Visual Studio 2013
VisualStudioVersion = 12.0.30501.0
MinimumVisualStudioVersion = 10.0.40219.1
Project("{FAE04EC0-301F-11D3-BF4B-00C04F79EFBC}") = "SampleContactOutlookApp", "SampleContactOutlookApp.csproj", "{A64B8E62-5971-4D96-A9C1-D592C7852BDD}"
EndProject
Project("{FAE04EC0-301F-11D3-BF4B-00C04F79EFBC}") = "SampleContactOutlookAppWeb", "..\SampleContactOutlookAppWeb\SampleContactOutlookAppWeb.csproj", "{4E36CBC2-7C0B-4AD9-B1EF-D22AD2CED681}"
EndProject
Global
	GlobalSection(SolutionConfigurationPlatforms) = preSolution
		Debug|Any CPU = Debug|Any CPU
		Release|Any CPU = Release|Any CPU
	EndGlobalSection
	GlobalSection(ProjectConfigurationPlatforms) = postSolution
		{A64B8E62-5971-4D96-A9C1-D592C7852BDD}.Debug|Any CPU.ActiveCfg = Debug|Any CPU
		{A64B8E62-5971-4D96-A9C1-D592C7852BDD}.Debug|Any CPU.Build.0 = Debug|Any CPU
		{A64B8E62-5971-4D96-A9C1-D592C7852BDD}.Debug|Any CPU.Deploy.0 = Debug|Any CPU
		{A64B8E62-5971-4D96-A9C1-D592C7852BDD}.Release|Any CPU.ActiveCfg = Release|Any CPU
		{A64B8E62-5971-4D96-A9C1-D592C7852BDD}.Release|Any CPU.Build.0 = Release|Any CPU
		{A64B8E62-5971-4D96-A9C1-D592C7852BDD}.Release|Any CPU.Deploy.0 = Release|Any CPU
		{4E36CBC2-7C0B-4AD9-B1EF-D22AD2CED681}.Debug|Any CPU.ActiveCfg = Debug|Any CPU
		{4E36CBC2-7C0B-4AD9-B1EF-D22AD2CED681}.Debug|Any CPU.Build.0 = Debug|Any CPU
		{4E36CBC2-7C0B-4AD9-B1EF-D22AD2CED681}.Release|Any CPU.ActiveCfg = Release|Any CPU
		{4E36CBC2-7C0B-4AD9-B1EF-D22AD2CED681}.Release|Any CPU.Build.0 = Release|Any CPU
	EndGlobalSection
	GlobalSection(SolutionProperties) = preSolution
		HideSolutionNode = FALSE
	EndGlobalSection
EndGlobal
